
Microsoft Visual Studio Solution File, Format Version 12.00
# Visual Studio Version 16
VisualStudioVersion = 16.0.30717.126
MinimumVisualStudioVersion = 10.0.40219.1
Project("{9A19103F-16F7-4668-BE54-9A1E7A4F7556}") = "CustomerAuthServer", "CustomerAuthServer\CustomerAuthServer.csproj", "{D2382572-49C3-4325-92F5-0A4D756BE890}"
EndProject
Project("{9A19103F-16F7-4668-BE54-9A1E7A4F7556}") = "ThAmCo.Data", "ThAmCo.Data\ThAmCo.Data.csproj", "{96F492A3-711A-4036-A605-061C0288BADA}"
EndProject
Project("{9A19103F-16F7-4668-BE54-9A1E7A4F7556}") = "ThAmCo.Repo", "ThAmCo.Repo\ThAmCo.Repo.csproj", "{F2DAC7D5-1E8A-497F-BF46-ECF14862D195}"
EndProject
Project("{FAE04EC0-301F-11D3-BF4B-00C04F79EFBC}") = "AuthTests", "AuthTests\AuthTests.csproj", "{63252BAA-3445-4907-9302-63C032428E19}"
EndProject
Global
	GlobalSection(SolutionConfigurationPlatforms) = preSolution
		Debug|Any CPU = Debug|Any CPU
		Release|Any CPU = Release|Any CPU
	EndGlobalSection
	GlobalSection(ProjectConfigurationPlatforms) = postSolution
		{D2382572-49C3-4325-92F5-0A4D756BE890}.Debug|Any CPU.ActiveCfg = Debug|Any CPU
		{D2382572-49C3-4325-92F5-0A4D756BE890}.Debug|Any CPU.Build.0 = Debug|Any CPU
		{D2382572-49C3-4325-92F5-0A4D756BE890}.Release|Any CPU.ActiveCfg = Release|Any CPU
		{D2382572-49C3-4325-92F5-0A4D756BE890}.Release|Any CPU.Build.0 = Release|Any CPU
		{96F492A3-711A-4036-A605-061C0288BADA}.Debug|Any CPU.ActiveCfg = Debug|Any CPU
		{96F492A3-711A-4036-A605-061C0288BADA}.Debug|Any CPU.Build.0 = Debug|Any CPU
		{96F492A3-711A-4036-A605-061C0288BADA}.Release|Any CPU.ActiveCfg = Release|Any CPU
		{96F492A3-711A-4036-A605-061C0288BADA}.Release|Any CPU.Build.0 = Release|Any CPU
		{F2DAC7D5-1E8A-497F-BF46-ECF14862D195}.Debug|Any CPU.ActiveCfg = Debug|Any CPU
		{F2DAC7D5-1E8A-497F-BF46-ECF14862D195}.Debug|Any CPU.Build.0 = Debug|Any CPU
		{F2DAC7D5-1E8A-497F-BF46-ECF14862D195}.Release|Any CPU.ActiveCfg = Release|Any CPU
		{F2DAC7D5-1E8A-497F-BF46-ECF14862D195}.Release|Any CPU.Build.0 = Release|Any CPU
		{63252BAA-3445-4907-9302-63C032428E19}.Debug|Any CPU.ActiveCfg = Debug|Any CPU
		{63252BAA-3445-4907-9302-63C032428E19}.Debug|Any CPU.Build.0 = Debug|Any CPU
		{63252BAA-3445-4907-9302-63C032428E19}.Release|Any CPU.ActiveCfg = Release|Any CPU
		{63252BAA-3445-4907-9302-63C032428E19}.Release|Any CPU.Build.0 = Release|Any CPU
	EndGlobalSection
	GlobalSection(SolutionProperties) = preSolution
		HideSolutionNode = FALSE
	EndGlobalSection
	GlobalSection(ExtensibilityGlobals) = postSolution
		SolutionGuid = {108CC15C-C7B1-4B2A-BA47-DD350CDF17F4}
	EndGlobalSection
EndGlobal
